// !$*UTF8*$!
{
	archiveVersion = 1;
	classes = {
	};
	objectVersion = 50;
	objects = {

/* Begin PBXBuildFile section */
		1D0BF93921A7B09D009324D5 /* AppDelegate.m in Sources */ = {isa = PBXBuildFile; fileRef = 1D0BF93821A7B09D009324D5 /* AppDelegate.m */; };
		1D0BF93C21A7B09D009324D5 /* ViewController.m in Sources */ = {isa = PBXBuildFile; fileRef = 1D0BF93B21A7B09D009324D5 /* ViewController.m */; };
		1D0BF93F21A7B09D009324D5 /* Main.storyboard in Resources */ = {isa = PBXBuildFile; fileRef = 1D0BF93D21A7B09D009324D5 /* Main.storyboard */; };
		1D0BF94121A7B09F009324D5 /* Assets.xcassets in Resources */ = {isa = PBXBuildFile; fileRef = 1D0BF94021A7B09F009324D5 /* Assets.xcassets */; };
		1D0BF94421A7B09F009324D5 /* LaunchScreen.storyboard in Resources */ = {isa = PBXBuildFile; fileRef = 1D0BF94221A7B09F009324D5 /* LaunchScreen.storyboard */; };
		1D0BF94721A7B09F009324D5 /* main.m in Sources */ = {isa = PBXBuildFile; fileRef = 1D0BF94621A7B09F009324D5 /* main.m */; };
		1D0BF95121A7B0A0009324D5 /* OpenKitTests.m in Sources */ = {isa = PBXBuildFile; fileRef = 1D0BF95021A7B0A0009324D5 /* OpenKitTests.m */; };
		1D0BF95C21A7B0A0009324D5 /* OpenKitUITests.m in Sources */ = {isa = PBXBuildFile; fileRef = 1D0BF95B21A7B0A0009324D5 /* OpenKitUITests.m */; };
/* End PBXBuildFile section */

/* Begin PBXContainerItemProxy section */
		1D0BF94D21A7B0A0009324D5 /* PBXContainerItemProxy */ = {
			isa = PBXContainerItemProxy;
			containerPortal = 1D0BF92C21A7B09D009324D5 /* Project object */;
			proxyType = 1;
			remoteGlobalIDString = 1D0BF93321A7B09D009324D5;
			remoteInfo = OpenKit;
		};
		1D0BF95821A7B0A0009324D5 /* PBXContainerItemProxy */ = {
			isa = PBXContainerItemProxy;
			containerPortal = 1D0BF92C21A7B09D009324D5 /* Project object */;
			proxyType = 1;
			remoteGlobalIDString = 1D0BF93321A7B09D009324D5;
			remoteInfo = OpenKit;
		};
/* End PBXContainerItemProxy section */

/* Begin PBXFileReference section */
		1D0BF93421A7B09D009324D5 /* OpenKit.app */ = {isa = PBXFileReference; explicitFileType = wrapper.application; includeInIndex = 0; path = OpenKit.app; sourceTree = BUILT_PRODUCTS_DIR; };
		1D0BF93721A7B09D009324D5 /* AppDelegate.h */ = {isa = PBXFileReference; lastKnownFileType = sourcecode.c.h; path = AppDelegate.h; sourceTree = "<group>"; };
		1D0BF93821A7B09D009324D5 /* AppDelegate.m */ = {isa = PBXFileReference; lastKnownFileType = sourcecode.c.objc; path = AppDelegate.m; sourceTree = "<group>"; };
		1D0BF93A21A7B09D009324D5 /* ViewController.h */ = {isa = PBXFileReference; lastKnownFileType = sourcecode.c.h; path = ViewController.h; sourceTree = "<group>"; };
		1D0BF93B21A7B09D009324D5 /* ViewController.m */ = {isa = PBXFileReference; lastKnownFileType = sourcecode.c.objc; path = ViewController.m; sourceTree = "<group>"; };
		1D0BF93E21A7B09D009324D5 /* Base */ = {isa = PBXFileReference; lastKnownFileType = file.storyboard; name = Base; path = Base.lproj/Main.storyboard; sourceTree = "<group>"; };
		1D0BF94021A7B09F009324D5 /* Assets.xcassets */ = {isa = PBXFileReference; lastKnownFileType = folder.assetcatalog; path = Assets.xcassets; sourceTree = "<group>"; };
		1D0BF94321A7B09F009324D5 /* Base */ = {isa = PBXFileReference; lastKnownFileType = file.storyboard; name = Base; path = Base.lproj/LaunchScreen.storyboard; sourceTree = "<group>"; };
		1D0BF94521A7B09F009324D5 /* Info.plist */ = {isa = PBXFileReference; lastKnownFileType = text.plist.xml; path = Info.plist; sourceTree = "<group>"; };
		1D0BF94621A7B09F009324D5 /* main.m */ = {isa = PBXFileReference; lastKnownFileType = sourcecode.c.objc; path = main.m; sourceTree = "<group>"; };
		1D0BF94C21A7B0A0009324D5 /* OpenKitTests.xctest */ = {isa = PBXFileReference; explicitFileType = wrapper.cfbundle; includeInIndex = 0; path = OpenKitTests.xctest; sourceTree = BUILT_PRODUCTS_DIR; };
		1D0BF95021A7B0A0009324D5 /* OpenKitTests.m */ = {isa = PBXFileReference; lastKnownFileType = sourcecode.c.objc; path = OpenKitTests.m; sourceTree = "<group>"; };
		1D0BF95221A7B0A0009324D5 /* Info.plist */ = {isa = PBXFileReference; lastKnownFileType = text.plist.xml; path = Info.plist; sourceTree = "<group>"; };
		1D0BF95721A7B0A0009324D5 /* OpenKitUITests.xctest */ = {isa = PBXFileReference; explicitFileType = wrapper.cfbundle; includeInIndex = 0; path = OpenKitUITests.xctest; sourceTree = BUILT_PRODUCTS_DIR; };
		1D0BF95B21A7B0A0009324D5 /* OpenKitUITests.m */ = {isa = PBXFileReference; lastKnownFileType = sourcecode.c.objc; path = OpenKitUITests.m; sourceTree = "<group>"; };
		1D0BF95D21A7B0A0009324D5 /* Info.plist */ = {isa = PBXFileReference; lastKnownFileType = text.plist.xml; path = Info.plist; sourceTree = "<group>"; };
/* End PBXFileReference section */

/* Begin PBXFrameworksBuildPhase section */
		1D0BF93121A7B09D009324D5 /* Frameworks */ = {
			isa = PBXFrameworksBuildPhase;
			buildActionMask = 2147483647;
			files = (
			);
			runOnlyForDeploymentPostprocessing = 0;
		};
		1D0BF94921A7B0A0009324D5 /* Frameworks */ = {
			isa = PBXFrameworksBuildPhase;
			buildActionMask = 2147483647;
			files = (
			);
			runOnlyForDeploymentPostprocessing = 0;
		};
		1D0BF95421A7B0A0009324D5 /* Frameworks */ = {
			isa = PBXFrameworksBuildPhase;
			buildActionMask = 2147483647;
			files = (
			);
			runOnlyForDeploymentPostprocessing = 0;
		};
/* End PBXFrameworksBuildPhase section */

/* Begin PBXGroup section */
		1D0BF92B21A7B09D009324D5 = {
			isa = PBXGroup;
			children = (
				1D0BF93621A7B09D009324D5 /* OpenKit */,
				1D0BF94F21A7B0A0009324D5 /* OpenKitTests */,
				1D0BF95A21A7B0A0009324D5 /* OpenKitUITests */,
				1D0BF93521A7B09D009324D5 /* Products */,
			);
			sourceTree = "<group>";
		};
		1D0BF93521A7B09D009324D5 /* Products */ = {
			isa = PBXGroup;
			children = (
				1D0BF93421A7B09D009324D5 /* OpenKit.app */,
				1D0BF94C21A7B0A0009324D5 /* OpenKitTests.xctest */,
				1D0BF95721A7B0A0009324D5 /* OpenKitUITests.xctest */,
			);
			name = Products;
			sourceTree = "<group>";
		};
		1D0BF93621A7B09D009324D5 /* OpenKit */ = {
			isa = PBXGroup;
			children = (
				1D0BF93721A7B09D009324D5 /* AppDelegate.h */,
				1D0BF93821A7B09D009324D5 /* AppDelegate.m */,
				1D0BF93A21A7B09D009324D5 /* ViewController.h */,
				1D0BF93B21A7B09D009324D5 /* ViewController.m */,
				1D0BF93D21A7B09D009324D5 /* Main.storyboard */,
				1D0BF94021A7B09F009324D5 /* Assets.xcassets */,
				1D0BF94221A7B09F009324D5 /* LaunchScreen.storyboard */,
				1D0BF94521A7B09F009324D5 /* Info.plist */,
				1D0BF94621A7B09F009324D5 /* main.m */,
			);
			path = OpenKit;
			sourceTree = "<group>";
		};
		1D0BF94F21A7B0A0009324D5 /* OpenKitTests */ = {
			isa = PBXGroup;
			children = (
				1D0BF95021A7B0A0009324D5 /* OpenKitTests.m */,
				1D0BF95221A7B0A0009324D5 /* Info.plist */,
			);
			path = OpenKitTests;
			sourceTree = "<group>";
		};
		1D0BF95A21A7B0A0009324D5 /* OpenKitUITests */ = {
			isa = PBXGroup;
			children = (
				1D0BF95B21A7B0A0009324D5 /* OpenKitUITests.m */,
				1D0BF95D21A7B0A0009324D5 /* Info.plist */,
			);
			path = OpenKitUITests;
			sourceTree = "<group>";
		};
/* End PBXGroup section */

/* Begin PBXNativeTarget section */
		1D0BF93321A7B09D009324D5 /* OpenKit */ = {
			isa = PBXNativeTarget;
			buildConfigurationList = 1D0BF96021A7B0A0009324D5 /* Build configuration list for PBXNativeTarget "OpenKit" */;
			buildPhases = (
				1D0BF93021A7B09D009324D5 /* Sources */,
				1D0BF93121A7B09D009324D5 /* Frameworks */,
				1D0BF93221A7B09D009324D5 /* Resources */,
			);
			buildRules = (
			);
			dependencies = (
			);
			name = OpenKit;
			productName = OpenKit;
			productReference = 1D0BF93421A7B09D009324D5 /* OpenKit.app */;
			productType = "com.apple.product-type.application";
		};
		1D0BF94B21A7B0A0009324D5 /* OpenKitTests */ = {
			isa = PBXNativeTarget;
			buildConfigurationList = 1D0BF96321A7B0A0009324D5 /* Build configuration list for PBXNativeTarget "OpenKitTests" */;
			buildPhases = (
				1D0BF94821A7B0A0009324D5 /* Sources */,
				1D0BF94921A7B0A0009324D5 /* Frameworks */,
				1D0BF94A21A7B0A0009324D5 /* Resources */,
			);
			buildRules = (
			);
			dependencies = (
				1D0BF94E21A7B0A0009324D5 /* PBXTargetDependency */,
			);
			name = OpenKitTests;
			productName = OpenKitTests;
			productReference = 1D0BF94C21A7B0A0009324D5 /* OpenKitTests.xctest */;
			productType = "com.apple.product-type.bundle.unit-test";
		};
		1D0BF95621A7B0A0009324D5 /* OpenKitUITests */ = {
			isa = PBXNativeTarget;
			buildConfigurationList = 1D0BF96621A7B0A0009324D5 /* Build configuration list for PBXNativeTarget "OpenKitUITests" */;
			buildPhases = (
				1D0BF95321A7B0A0009324D5 /* Sources */,
				1D0BF95421A7B0A0009324D5 /* Frameworks */,
				1D0BF95521A7B0A0009324D5 /* Resources */,
			);
			buildRules = (
			);
			dependencies = (
				1D0BF95921A7B0A0009324D5 /* PBXTargetDependency */,
			);
			name = OpenKitUITests;
			productName = OpenKitUITests;
			productReference = 1D0BF95721A7B0A0009324D5 /* OpenKitUITests.xctest */;
			productType = "com.apple.product-type.bundle.ui-testing";
		};
/* End PBXNativeTarget section */

/* Begin PBXProject section */
		1D0BF92C21A7B09D009324D5 /* Project object */ = {
			isa = PBXProject;
			attributes = {
				LastUpgradeCheck = 0940;
				ORGANIZATIONNAME = zhenwenl;
				TargetAttributes = {
					1D0BF93321A7B09D009324D5 = {
						CreatedOnToolsVersion = 9.4;
					};
					1D0BF94B21A7B0A0009324D5 = {
						CreatedOnToolsVersion = 9.4;
						TestTargetID = 1D0BF93321A7B09D009324D5;
					};
					1D0BF95621A7B0A0009324D5 = {
						CreatedOnToolsVersion = 9.4;
						TestTargetID = 1D0BF93321A7B09D009324D5;
					};
				};
			};
			buildConfigurationList = 1D0BF92F21A7B09D009324D5 /* Build configuration list for PBXProject "OpenKit" */;
			compatibilityVersion = "Xcode 9.3";
			developmentRegion = en;
			hasScannedForEncodings = 0;
			knownRegions = (
				en,
				Base,
			);
			mainGroup = 1D0BF92B21A7B09D009324D5;
			productRefGroup = 1D0BF93521A7B09D009324D5 /* Products */;
			projectDirPath = "";
			projectRoot = "";
			targets = (
				1D0BF93321A7B09D009324D5 /* OpenKit */,
				1D0BF94B21A7B0A0009324D5 /* OpenKitTests */,
				1D0BF95621A7B0A0009324D5 /* OpenKitUITests */,
			);
		};
/* End PBXProject section */

/* Begin PBXResourcesBuildPhase section */
		1D0BF93221A7B09D009324D5 /* Resources */ = {
			isa = PBXResourcesBuildPhase;
			buildActionMask = 2147483647;
			files = (
				1D0BF94421A7B09F009324D5 /* LaunchScreen.storyboard in Resources */,
				1D0BF94121A7B09F009324D5 /* Assets.xcassets in Resources */,
				1D0BF93F21A7B09D009324D5 /* Main.storyboard in Resources */,
			);
			runOnlyForDeploymentPostprocessing = 0;
		};
		1D0BF94A21A7B0A0009324D5 /* Resources */ = {
			isa = PBXResourcesBuildPhase;
			buildActionMask = 2147483647;
			files = (
			);
			runOnlyForDeploymentPostprocessing = 0;
		};
		1D0BF95521A7B0A0009324D5 /* Resources */ = {
			isa = PBXResourcesBuildPhase;
			buildActionMask = 2147483647;
			files = (
			);
			runOnlyForDeploymentPostprocessing = 0;
		};
/* End PBXResourcesBuildPhase section */

/* Begin PBXSourcesBuildPhase section */
		1D0BF93021A7B09D009324D5 /* Sources */ = {
			isa = PBXSourcesBuildPhase;
			buildActionMask = 2147483647;
			files = (
				1D0BF93C21A7B09D009324D5 /* ViewController.m in Sources */,
				1D0BF94721A7B09F009324D5 /* main.m in Sources */,
				1D0BF93921A7B09D009324D5 /* AppDelegate.m in Sources */,
			);
			runOnlyForDeploymentPostprocessing = 0;
		};
		1D0BF94821A7B0A0009324D5 /* Sources */ = {
			isa = PBXSourcesBuildPhase;
			buildActionMask = 2147483647;
			files = (
				1D0BF95121A7B0A0009324D5 /* OpenKitTests.m in Sources */,
			);
			runOnlyForDeploymentPostprocessing = 0;
		};
		1D0BF95321A7B0A0009324D5 /* Sources */ = {
			isa = PBXSourcesBuildPhase;
			buildActionMask = 2147483647;
			files = (
				1D0BF95C21A7B0A0009324D5 /* OpenKitUITests.m in Sources */,
			);
			runOnlyForDeploymentPostprocessing = 0;
		};
/* End PBXSourcesBuildPhase section */

/* Begin PBXTargetDependency section */
		1D0BF94E21A7B0A0009324D5 /* PBXTargetDependency */ = {
			isa = PBXTargetDependency;
			target = 1D0BF93321A7B09D009324D5 /* OpenKit */;
			targetProxy = 1D0BF94D21A7B0A0009324D5 /* PBXContainerItemProxy */;
		};
		1D0BF95921A7B0A0009324D5 /* PBXTargetDependency */ = {
			isa = PBXTargetDependency;
			target = 1D0BF93321A7B09D009324D5 /* OpenKit */;
			targetProxy = 1D0BF95821A7B0A0009324D5 /* PBXContainerItemProxy */;
		};
/* End PBXTargetDependency section */

/* Begin PBXVariantGroup section */
		1D0BF93D21A7B09D009324D5 /* Main.storyboard */ = {
			isa = PBXVariantGroup;
			children = (
				1D0BF93E21A7B09D009324D5 /* Base */,
			);
			name = Main.storyboard;
			sourceTree = "<group>";
		};
		1D0BF94221A7B09F009324D5 /* LaunchScreen.storyboard */ = {
			isa = PBXVariantGroup;
			children = (
				1D0BF94321A7B09F009324D5 /* Base */,
			);
			name = LaunchScreen.storyboard;
			sourceTree = "<group>";
		};
/* End PBXVariantGroup section */

/* Begin XCBuildConfiguration section */
		1D0BF95E21A7B0A0009324D5 /* Debug */ = {
			isa = XCBuildConfiguration;
			buildSettings = {
				ALWAYS_SEARCH_USER_PATHS = NO;
				CLANG_ANALYZER_NONNULL = YES;
				CLANG_ANALYZER_NUMBER_OBJECT_CONVERSION = YES_AGGRESSIVE;
				CLANG_CXX_LANGUAGE_STANDARD = "gnu++14";
				CLANG_CXX_LIBRARY = "libc++";
				CLANG_ENABLE_MODULES = YES;
				CLANG_ENABLE_OBJC_ARC = YES;
				CLANG_ENABLE_OBJC_WEAK = YES;
				CLANG_WARN_BLOCK_CAPTURE_AUTORELEASING = YES;
				CLANG_WARN_BOOL_CONVERSION = YES;
				CLANG_WARN_COMMA = YES;
				CLANG_WARN_CONSTANT_CONVERSION = YES;
				CLANG_WARN_DEPRECATED_OBJC_IMPLEMENTATIONS = YES;
				CLANG_WARN_DIRECT_OBJC_ISA_USAGE = YES_ERROR;
				CLANG_WARN_DOCUMENTATION_COMMENTS = YES;
				CLANG_WARN_EMPTY_BODY = YES;
				CLANG_WARN_ENUM_CONVERSION = YES;
				CLANG_WARN_INFINITE_RECURSION = YES;
				CLANG_WARN_INT_CONVERSION = YES;
				CLANG_WARN_NON_LITERAL_NULL_CONVERSION = YES;
				CLANG_WARN_OBJC_IMPLICIT_RETAIN_SELF = YES;
				CLANG_WARN_OBJC_LITERAL_CONVERSION = YES;
				CLANG_WARN_OBJC_ROOT_CLASS = YES_ERROR;
				CLANG_WARN_RANGE_LOOP_ANALYSIS = YES;
				CLANG_WARN_STRICT_PROTOTYPES = YES;
				CLANG_WARN_SUSPICIOUS_MOVE = YES;
				CLANG_WARN_UNGUARDED_AVAILABILITY = YES_AGGRESSIVE;
				CLANG_WARN_UNREACHABLE_CODE = YES;
				CLANG_WARN__DUPLICATE_METHOD_MATCH = YES;
				CODE_SIGN_IDENTITY = "iPhone Developer";
				COPY_PHASE_STRIP = NO;
				DEBUG_INFORMATION_FORMAT = dwarf;
				ENABLE_STRICT_OBJC_MSGSEND = YES;
				ENABLE_TESTABILITY = YES;
				GCC_C_LANGUAGE_STANDARD = gnu11;
				GCC_DYNAMIC_NO_PIC = NO;
				GCC_NO_COMMON_BLOCKS = YES;
				GCC_OPTIMIZATION_LEVEL = 0;
				GCC_PREPROCESSOR_DEFINITIONS = (
					"DEBUG=1",
					"$(inherited)",
				);
				GCC_WARN_64_TO_32_BIT_CONVERSION = YES;
				GCC_WARN_ABOUT_RETURN_TYPE = YES_ERROR;
				GCC_WARN_UNDECLARED_SELECTOR = YES;
				GCC_WARN_UNINITIALIZED_AUTOS = YES_AGGRESSIVE;
				GCC_WARN_UNUSED_FUNCTION = YES;
				GCC_WARN_UNUSED_VARIABLE = YES;
				IPHONEOS_DEPLOYMENT_TARGET = 11.4;
				MTL_ENABLE_DEBUG_INFO = YES;
				ONLY_ACTIVE_ARCH = YES;
				SDKROOT = iphoneos;
			};
			name = Debug;
		};
		1D0BF95F21A7B0A0009324D5 /* Release */ = {
			isa = XCBuildConfiguration;
			buildSettings = {
				ALWAYS_SEARCH_USER_PATHS = NO;
				CLANG_ANALYZER_NONNULL = YES;
				CLANG_ANALYZER_NUMBER_OBJECT_CONVERSION = YES_AGGRESSIVE;
				CLANG_CXX_LANGUAGE_STANDARD = "gnu++14";
				CLANG_CXX_LIBRARY = "libc++";
				CLANG_ENABLE_MODULES = YES;
				CLANG_ENABLE_OBJC_ARC = YES;
				CLANG_ENABLE_OBJC_WEAK = YES;
				CLANG_WARN_BLOCK_CAPTURE_AUTORELEASING = YES;
				CLANG_WARN_BOOL_CONVERSION = YES;
				CLANG_WARN_COMMA = YES;
				CLANG_WARN_CONSTANT_CONVERSION = YES;
				CLANG_WARN_DEPRECATED_OBJC_IMPLEMENTATIONS = YES;
				CLANG_WARN_DIRECT_OBJC_ISA_USAGE = YES_ERROR;
				CLANG_WARN_DOCUMENTATION_COMMENTS = YES;
				CLANG_WARN_EMPTY_BODY = YES;
				CLANG_WARN_ENUM_CONVERSION = YES;
				CLANG_WARN_INFINITE_RECURSION = YES;
				CLANG_WARN_INT_CONVERSION = YES;
				CLANG_WARN_NON_LITERAL_NULL_CONVERSION = YES;
				CLANG_WARN_OBJC_IMPLICIT_RETAIN_SELF = YES;
				CLANG_WARN_OBJC_LITERAL_CONVERSION = YES;
				CLANG_WARN_OBJC_ROOT_CLASS = YES_ERROR;
				CLANG_WARN_RANGE_LOOP_ANALYSIS = YES;
				CLANG_WARN_STRICT_PROTOTYPES = YES;
				CLANG_WARN_SUSPICIOUS_MOVE = YES;
				CLANG_WARN_UNGUARDED_AVAILABILITY = YES_AGGRESSIVE;
				CLANG_WARN_UNREACHABLE_CODE = YES;
				CLANG_WARN__DUPLICATE_METHOD_MATCH = YES;
				CODE_SIGN_IDENTITY = "iPhone Developer";
				COPY_PHASE_STRIP = NO;
				DEBUG_INFORMATION_FORMAT = "dwarf-with-dsym";
				ENABLE_NS_ASSERTIONS = NO;
				ENABLE_STRICT_OBJC_MSGSEND = YES;
				GCC_C_LANGUAGE_STANDARD = gnu11;
				GCC_NO_COMMON_BLOCKS = YES;
				GCC_WARN_64_TO_32_BIT_CONVERSION = YES;
				GCC_WARN_ABOUT_RETURN_TYPE = YES_ERROR;
				GCC_WARN_UNDECLARED_SELECTOR = YES;
				GCC_WARN_UNINITIALIZED_AUTOS = YES_AGGRESSIVE;
				GCC_WARN_UNUSED_FUNCTION = YES;
				GCC_WARN_UNUSED_VARIABLE = YES;
				IPHONEOS_DEPLOYMENT_TARGET = 11.4;
				MTL_ENABLE_DEBUG_INFO = NO;
				SDKROOT = iphoneos;
				VALIDATE_PRODUCT = YES;
			};
			name = Release;
		};
		1D0BF96121A7B0A0009324D5 /* Debug */ = {
			isa = XCBuildConfiguration;
			buildSettings = {
				ASSETCATALOG_COMPILER_APPICON_NAME = AppIcon;
				CODE_SIGN_STYLE = Automatic;
				DEVELOPMENT_TEAM = ZFS6R928AG;
				INFOPLIST_FILE = OpenKit/Info.plist;
				LD_RUNPATH_SEARCH_PATHS = (
					"$(inherited)",
					"@executable_path/Frameworks",
				);
				PRODUCT_BUNDLE_IDENTIFIER = zhenwenl.OpenKit;
				PRODUCT_NAME = "$(TARGET_NAME)";
				TARGETED_DEVICE_FAMILY = "1,2";
			};
			name = Debug;
		};
		1D0BF96221A7B0A0009324D5 /* Release */ = {
			isa = XCBuildConfiguration;
			buildSettings = {
				ASSETCATALOG_COMPILER_APPICON_NAME = AppIcon;
				CODE_SIGN_STYLE = Automatic;
				DEVELOPMENT_TEAM = ZFS6R928AG;
				INFOPLIST_FILE = OpenKit/Info.plist;
				LD_RUNPATH_SEARCH_PATHS = (
					"$(inherited)",
					"@executable_path/Frameworks",
				);
				PRODUCT_BUNDLE_IDENTIFIER = zhenwenl.OpenKit;
				PRODUCT_NAME = "$(TARGET_NAME)";
				TARGETED_DEVICE_FAMILY = "1,2";
			};
			name = Release;
		};
		1D0BF96421A7B0A0009324D5 /* Debug */ = {
			isa = XCBuildConfiguration;
			buildSettings = {
				BUNDLE_LOADER = "$(TEST_HOST)";
				CODE_SIGN_STYLE = Automatic;
				DEVELOPMENT_TEAM = ZFS6R928AG;
				INFOPLIST_FILE = OpenKitTests/Info.plist;
				LD_RUNPATH_SEARCH_PATHS = (
					"$(inherited)",
					"@executable_path/Frameworks",
					"@loader_path/Frameworks",
				);
				PRODUCT_BUNDLE_IDENTIFIER = zhenwenl.OpenKitTests;
				PRODUCT_NAME = "$(TARGET_NAME)";
				TARGETED_DEVICE_FAMILY = "1,2";
				TEST_HOST = "$(BUILT_PRODUCTS_DIR)/OpenKit.app/OpenKit";
			};
			name = Debug;
		};
		1D0BF96521A7B0A0009324D5 /* Release */ = {
			isa = XCBuildConfiguration;
			buildSettings = {
				BUNDLE_LOADER = "$(TEST_HOST)";
				CODE_SIGN_STYLE = Automatic;
				DEVELOPMENT_TEAM = ZFS6R928AG;
				INFOPLIST_FILE = OpenKitTests/Info.plist;
				LD_RUNPATH_SEARCH_PATHS = (
					"$(inherited)",
					"@executable_path/Frameworks",
					"@loader_path/Frameworks",
				);
				PRODUCT_BUNDLE_IDENTIFIER = zhenwenl.OpenKitTests;
				PRODUCT_NAME = "$(TARGET_NAME)";
				TARGETED_DEVICE_FAMILY = "1,2";
				TEST_HOST = "$(BUILT_PRODUCTS_DIR)/OpenKit.app/OpenKit";
			};
			name = Release;
		};
		1D0BF96721A7B0A0009324D5 /* Debug */ = {
			isa = XCBuildConfiguration;
			buildSettings = {
				CODE_SIGN_STYLE = Automatic;
				DEVELOPMENT_TEAM = ZFS6R928AG;
				INFOPLIST_FILE = OpenKitUITests/Info.plist;
				LD_RUNPATH_SEARCH_PATHS = (
					"$(inherited)",
					"@executable_path/Frameworks",
					"@loader_path/Frameworks",
				);
				PRODUCT_BUNDLE_IDENTIFIER = zhenwenl.OpenKitUITests;
				PRODUCT_NAME = "$(TARGET_NAME)";
				TARGETED_DEVICE_FAMILY = "1,2";
				TEST_TARGET_NAME = OpenKit;
			};
			name = Debug;
		};
		1D0BF96821A7B0A0009324D5 /* Release */ = {
			isa = XCBuildConfiguration;
			buildSettings = {
				CODE_SIGN_STYLE = Automatic;
				DEVELOPMENT_TEAM = ZFS6R928AG;
				INFOPLIST_FILE = OpenKitUITests/Info.plist;
				LD_RUNPATH_SEARCH_PATHS = (
					"$(inherited)",
					"@executable_path/Frameworks",
					"@loader_path/Frameworks",
				);
				PRODUCT_BUNDLE_IDENTIFIER = zhenwenl.OpenKitUITests;
				PRODUCT_NAME = "$(TARGET_NAME)";
				TARGETED_DEVICE_FAMILY = "1,2";
				TEST_TARGET_NAME = OpenKit;
			};
			name = Release;
		};
/* End XCBuildConfiguration section */

/* Begin XCConfigurationList section */
		1D0BF92F21A7B09D009324D5 /* Build configuration list for PBXProject "OpenKit" */ = {
			isa = XCConfigurationList;
			buildConfigurations = (
				1D0BF95E21A7B0A0009324D5 /* Debug */,
				1D0BF95F21A7B0A0009324D5 /* Release */,
			);
			defaultConfigurationIsVisible = 0;
			defaultConfigurationName = Release;
		};
		1D0BF96021A7B0A0009324D5 /* Build configuration list for PBXNativeTarget "OpenKit" */ = {
			isa = XCConfigurationList;
			buildConfigurations = (
				1D0BF96121A7B0A0009324D5 /* Debug */,
				1D0BF96221A7B0A0009324D5 /* Release */,
			);
			defaultConfigurationIsVisible = 0;
			defaultConfigurationName = Release;
		};
		1D0BF96321A7B0A0009324D5 /* Build configuration list for PBXNativeTarget "OpenKitTests" */ = {
			isa = XCConfigurationList;
			buildConfigurations = (
				1D0BF96421A7B0A0009324D5 /* Debug */,
				1D0BF96521A7B0A0009324D5 /* Release */,
			);
			defaultConfigurationIsVisible = 0;
			defaultConfigurationName = Release;
		};
		1D0BF96621A7B0A0009324D5 /* Build configuration list for PBXNativeTarget "OpenKitUITests" */ = {
			isa = XCConfigurationList;
			buildConfigurations = (
				1D0BF96721A7B0A0009324D5 /* Debug */,
				1D0BF96821A7B0A0009324D5 /* Release */,
			);
			defaultConfigurationIsVisible = 0;
			defaultConfigurationName = Release;
		};
/* End XCConfigurationList section */
	};
	rootObject = 1D0BF92C21A7B09D009324D5 /* Project object */;
}
